// !$*UTF8*$!
{
	archiveVersion = 1;
	classes = {
	};
	objectVersion = 50;
	objects = {

/* Begin PBXBuildFile section */
		47D7C36FA48FA6DDA96A2E99 /* Pods_SpendingTests.framework in Frameworks */ = {isa = PBXBuildFile; fileRef = 801A00545E13985853BD2393 /* Pods_SpendingTests.framework */; };
		C22A4B3621177DEC0021FA7B /* SpendingViewController.swift in Sources */ = {isa = PBXBuildFile; fileRef = C22A4B3521177DEC0021FA7B /* SpendingViewController.swift */; };
		C2434F2A2108FE5C005DF62C /* AppDelegate.swift in Sources */ = {isa = PBXBuildFile; fileRef = C2434F292108FE5C005DF62C /* AppDelegate.swift */; };
		C2434F2E2108FE5C005DF62C /* StatisticsViewController.swift in Sources */ = {isa = PBXBuildFile; fileRef = C2434F2D2108FE5C005DF62C /* StatisticsViewController.swift */; };
		C2434F312108FE5C005DF62C /* Main.storyboard in Resources */ = {isa = PBXBuildFile; fileRef = C2434F2F2108FE5C005DF62C /* Main.storyboard */; };
		C2434F332108FEC0005DF62C /* Assets.xcassets in Resources */ = {isa = PBXBuildFile; fileRef = C2434F322108FEC0005DF62C /* Assets.xcassets */; };
		C2434F362108FEC0005DF62C /* LaunchScreen.storyboard in Resources */ = {isa = PBXBuildFile; fileRef = C2434F342108FEC0005DF62C /* LaunchScreen.storyboard */; };
		C2434F412108FEC3005DF62C /* SpendingTests.swift in Sources */ = {isa = PBXBuildFile; fileRef = C2434F402108FEC3005DF62C /* SpendingTests.swift */; };
		C2434F4C2108FEC3005DF62C /* SpendingUITests.swift in Sources */ = {isa = PBXBuildFile; fileRef = C2434F4B2108FEC3005DF62C /* SpendingUITests.swift */; };
		C2434F5A2114D44B005DF62C /* SpendingTableViewCell.swift in Sources */ = {isa = PBXBuildFile; fileRef = C2434F592114D44B005DF62C /* SpendingTableViewCell.swift */; };
		C2434F5C2114DDF0005DF62C /* SpendingTableViewController.swift in Sources */ = {isa = PBXBuildFile; fileRef = C2434F5B2114DDF0005DF62C /* SpendingTableViewController.swift */; };
		C2434F5E2114DE61005DF62C /* Spending.swift in Sources */ = {isa = PBXBuildFile; fileRef = C2434F5D2114DE61005DF62C /* Spending.swift */; };
		CA9335CF135267157466671F /* Pods_SpendingUITests.framework in Frameworks */ = {isa = PBXBuildFile; fileRef = 6A0C8258C6B3C5D579FD3DC9 /* Pods_SpendingUITests.framework */; };
		FCFC2F1C9D671072EDAE1C4C /* Pods_Spending.framework in Frameworks */ = {isa = PBXBuildFile; fileRef = 8C081DF6CFFEEDF0CA4092F3 /* Pods_Spending.framework */; };
/* End PBXBuildFile section */

/* Begin PBXContainerItemProxy section */
		C2434F3D2108FEC2005DF62C /* PBXContainerItemProxy */ = {
			isa = PBXContainerItemProxy;
			containerPortal = C2434F1E2108FE5B005DF62C /* Project object */;
			proxyType = 1;
			remoteGlobalIDString = C2434F252108FE5B005DF62C;
			remoteInfo = Spending;
		};
		C2434F482108FEC3005DF62C /* PBXContainerItemProxy */ = {
			isa = PBXContainerItemProxy;
			containerPortal = C2434F1E2108FE5B005DF62C /* Project object */;
			proxyType = 1;
			remoteGlobalIDString = C2434F252108FE5B005DF62C;
			remoteInfo = Spending;
		};
/* End PBXContainerItemProxy section */

/* Begin PBXFileReference section */
		1C5B1F99C5E175EA34644106 /* Pods-Spending.release.xcconfig */ = {isa = PBXFileReference; includeInIndex = 1; lastKnownFileType = text.xcconfig; name = "Pods-Spending.release.xcconfig"; path = "Pods/Target Support Files/Pods-Spending/Pods-Spending.release.xcconfig"; sourceTree = "<group>"; };
		52038B1BF228A07EBF94C35D /* Pods-SpendingTests.release.xcconfig */ = {isa = PBXFileReference; includeInIndex = 1; lastKnownFileType = text.xcconfig; name = "Pods-SpendingTests.release.xcconfig"; path = "Pods/Target Support Files/Pods-SpendingTests/Pods-SpendingTests.release.xcconfig"; sourceTree = "<group>"; };
		6A0C8258C6B3C5D579FD3DC9 /* Pods_SpendingUITests.framework */ = {isa = PBXFileReference; explicitFileType = wrapper.framework; includeInIndex = 0; path = Pods_SpendingUITests.framework; sourceTree = BUILT_PRODUCTS_DIR; };
		74281C7799E35868759755E1 /* Pods-SpendingUITests.debug.xcconfig */ = {isa = PBXFileReference; includeInIndex = 1; lastKnownFileType = text.xcconfig; name = "Pods-SpendingUITests.debug.xcconfig"; path = "Pods/Target Support Files/Pods-SpendingUITests/Pods-SpendingUITests.debug.xcconfig"; sourceTree = "<group>"; };
		801A00545E13985853BD2393 /* Pods_SpendingTests.framework */ = {isa = PBXFileReference; explicitFileType = wrapper.framework; includeInIndex = 0; path = Pods_SpendingTests.framework; sourceTree = BUILT_PRODUCTS_DIR; };
		8C081DF6CFFEEDF0CA4092F3 /* Pods_Spending.framework */ = {isa = PBXFileReference; explicitFileType = wrapper.framework; includeInIndex = 0; path = Pods_Spending.framework; sourceTree = BUILT_PRODUCTS_DIR; };
		9619E12EBC7F4BD0F9D8A8EE /* Pods-SpendingTests.debug.xcconfig */ = {isa = PBXFileReference; includeInIndex = 1; lastKnownFileType = text.xcconfig; name = "Pods-SpendingTests.debug.xcconfig"; path = "Pods/Target Support Files/Pods-SpendingTests/Pods-SpendingTests.debug.xcconfig"; sourceTree = "<group>"; };
		B603D4136A4A19F397AF8F1A /* Pods-SpendingUITests.release.xcconfig */ = {isa = PBXFileReference; includeInIndex = 1; lastKnownFileType = text.xcconfig; name = "Pods-SpendingUITests.release.xcconfig"; path = "Pods/Target Support Files/Pods-SpendingUITests/Pods-SpendingUITests.release.xcconfig"; sourceTree = "<group>"; };
		C22A4B3521177DEC0021FA7B /* SpendingViewController.swift */ = {isa = PBXFileReference; lastKnownFileType = sourcecode.swift; path = SpendingViewController.swift; sourceTree = "<group>"; };
		C2434F262108FE5B005DF62C /* Spending.app */ = {isa = PBXFileReference; explicitFileType = wrapper.application; includeInIndex = 0; path = Spending.app; sourceTree = BUILT_PRODUCTS_DIR; };
		C2434F292108FE5C005DF62C /* AppDelegate.swift */ = {isa = PBXFileReference; lastKnownFileType = sourcecode.swift; path = AppDelegate.swift; sourceTree = "<group>"; };
		C2434F2D2108FE5C005DF62C /* StatisticsViewController.swift */ = {isa = PBXFileReference; lastKnownFileType = sourcecode.swift; path = StatisticsViewController.swift; sourceTree = "<group>"; };
		C2434F302108FE5C005DF62C /* Base */ = {isa = PBXFileReference; lastKnownFileType = file.storyboard; name = Base; path = Base.lproj/Main.storyboard; sourceTree = "<group>"; };
		C2434F322108FEC0005DF62C /* Assets.xcassets */ = {isa = PBXFileReference; lastKnownFileType = folder.assetcatalog; path = Assets.xcassets; sourceTree = "<group>"; };
		C2434F352108FEC0005DF62C /* Base */ = {isa = PBXFileReference; lastKnownFileType = file.storyboard; name = Base; path = Base.lproj/LaunchScreen.storyboard; sourceTree = "<group>"; };
		C2434F372108FEC0005DF62C /* Info.plist */ = {isa = PBXFileReference; lastKnownFileType = text.plist.xml; path = Info.plist; sourceTree = "<group>"; };
		C2434F3C2108FEC2005DF62C /* SpendingTests.xctest */ = {isa = PBXFileReference; explicitFileType = wrapper.cfbundle; includeInIndex = 0; path = SpendingTests.xctest; sourceTree = BUILT_PRODUCTS_DIR; };
		C2434F402108FEC3005DF62C /* SpendingTests.swift */ = {isa = PBXFileReference; lastKnownFileType = sourcecode.swift; path = SpendingTests.swift; sourceTree = "<group>"; };
		C2434F422108FEC3005DF62C /* Info.plist */ = {isa = PBXFileReference; lastKnownFileType = text.plist.xml; path = Info.plist; sourceTree = "<group>"; };
		C2434F472108FEC3005DF62C /* SpendingUITests.xctest */ = {isa = PBXFileReference; explicitFileType = wrapper.cfbundle; includeInIndex = 0; path = SpendingUITests.xctest; sourceTree = BUILT_PRODUCTS_DIR; };
		C2434F4B2108FEC3005DF62C /* SpendingUITests.swift */ = {isa = PBXFileReference; lastKnownFileType = sourcecode.swift; path = SpendingUITests.swift; sourceTree = "<group>"; };
		C2434F4D2108FEC3005DF62C /* Info.plist */ = {isa = PBXFileReference; lastKnownFileType = text.plist.xml; path = Info.plist; sourceTree = "<group>"; };
		C2434F592114D44B005DF62C /* SpendingTableViewCell.swift */ = {isa = PBXFileReference; lastKnownFileType = sourcecode.swift; path = SpendingTableViewCell.swift; sourceTree = "<group>"; };
		C2434F5B2114DDF0005DF62C /* SpendingTableViewController.swift */ = {isa = PBXFileReference; lastKnownFileType = sourcecode.swift; path = SpendingTableViewController.swift; sourceTree = "<group>"; };
		C2434F5D2114DE61005DF62C /* Spending.swift */ = {isa = PBXFileReference; lastKnownFileType = sourcecode.swift; path = Spending.swift; sourceTree = "<group>"; };
		E4BA163FC8ED26DAF94F4407 /* Pods-Spending.debug.xcconfig */ = {isa = PBXFileReference; includeInIndex = 1; lastKnownFileType = text.xcconfig; name = "Pods-Spending.debug.xcconfig"; path = "Pods/Target Support Files/Pods-Spending/Pods-Spending.debug.xcconfig"; sourceTree = "<group>"; };
/* End PBXFileReference section */

/* Begin PBXFrameworksBuildPhase section */
		C2434F232108FE5B005DF62C /* Frameworks */ = {
			isa = PBXFrameworksBuildPhase;
			buildActionMask = 2147483647;
			files = (
				FCFC2F1C9D671072EDAE1C4C /* Pods_Spending.framework in Frameworks */,
			);
			runOnlyForDeploymentPostprocessing = 0;
		};
		C2434F392108FEC2005DF62C /* Frameworks */ = {
			isa = PBXFrameworksBuildPhase;
			buildActionMask = 2147483647;
			files = (
				47D7C36FA48FA6DDA96A2E99 /* Pods_SpendingTests.framework in Frameworks */,
			);
			runOnlyForDeploymentPostprocessing = 0;
		};
		C2434F442108FEC3005DF62C /* Frameworks */ = {
			isa = PBXFrameworksBuildPhase;
			buildActionMask = 2147483647;
			files = (
				CA9335CF135267157466671F /* Pods_SpendingUITests.framework in Frameworks */,
			);
			runOnlyForDeploymentPostprocessing = 0;
		};
/* End PBXFrameworksBuildPhase section */

/* Begin PBXGroup section */
		6C908E8EB9756DD35788F04F /* Pods */ = {
			isa = PBXGroup;
			children = (
				E4BA163FC8ED26DAF94F4407 /* Pods-Spending.debug.xcconfig */,
				1C5B1F99C5E175EA34644106 /* Pods-Spending.release.xcconfig */,
				9619E12EBC7F4BD0F9D8A8EE /* Pods-SpendingTests.debug.xcconfig */,
				52038B1BF228A07EBF94C35D /* Pods-SpendingTests.release.xcconfig */,
				74281C7799E35868759755E1 /* Pods-SpendingUITests.debug.xcconfig */,
				B603D4136A4A19F397AF8F1A /* Pods-SpendingUITests.release.xcconfig */,
			);
			name = Pods;
			sourceTree = "<group>";
		};
		A01B233CF0F631E08A2A0CEB /* Frameworks */ = {
			isa = PBXGroup;
			children = (
				8C081DF6CFFEEDF0CA4092F3 /* Pods_Spending.framework */,
				801A00545E13985853BD2393 /* Pods_SpendingTests.framework */,
				6A0C8258C6B3C5D579FD3DC9 /* Pods_SpendingUITests.framework */,
			);
			name = Frameworks;
			sourceTree = "<group>";
		};
		C2434F1D2108FE5B005DF62C = {
			isa = PBXGroup;
			children = (
				C2434F282108FE5B005DF62C /* Spending */,
				C2434F3F2108FEC3005DF62C /* SpendingTests */,
				C2434F4A2108FEC3005DF62C /* SpendingUITests */,
				C2434F272108FE5B005DF62C /* Products */,
				6C908E8EB9756DD35788F04F /* Pods */,
				A01B233CF0F631E08A2A0CEB /* Frameworks */,
			);
			sourceTree = "<group>";
		};
		C2434F272108FE5B005DF62C /* Products */ = {
			isa = PBXGroup;
			children = (
				C2434F262108FE5B005DF62C /* Spending.app */,
				C2434F3C2108FEC2005DF62C /* SpendingTests.xctest */,
				C2434F472108FEC3005DF62C /* SpendingUITests.xctest */,
			);
			name = Products;
			sourceTree = "<group>";
		};
		C2434F282108FE5B005DF62C /* Spending */ = {
			isa = PBXGroup;
			children = (
				C2434F292108FE5C005DF62C /* AppDelegate.swift */,
				C2434F592114D44B005DF62C /* SpendingTableViewCell.swift */,
				C2434F5B2114DDF0005DF62C /* SpendingTableViewController.swift */,
				C2434F5D2114DE61005DF62C /* Spending.swift */,
				C22A4B3521177DEC0021FA7B /* SpendingViewController.swift */,
				C2434F2D2108FE5C005DF62C /* StatisticsViewController.swift */,
				C2434F2F2108FE5C005DF62C /* Main.storyboard */,
				C2434F322108FEC0005DF62C /* Assets.xcassets */,
				C2434F342108FEC0005DF62C /* LaunchScreen.storyboard */,
				C2434F372108FEC0005DF62C /* Info.plist */,
			);
			path = Spending;
			sourceTree = "<group>";
		};
		C2434F3F2108FEC3005DF62C /* SpendingTests */ = {
			isa = PBXGroup;
			children = (
				C2434F402108FEC3005DF62C /* SpendingTests.swift */,
				C2434F422108FEC3005DF62C /* Info.plist */,
			);
			path = SpendingTests;
			sourceTree = "<group>";
		};
		C2434F4A2108FEC3005DF62C /* SpendingUITests */ = {
			isa = PBXGroup;
			children = (
				C2434F4B2108FEC3005DF62C /* SpendingUITests.swift */,
				C2434F4D2108FEC3005DF62C /* Info.plist */,
			);
			path = SpendingUITests;
			sourceTree = "<group>";
		};
/* End PBXGroup section */

/* Begin PBXNativeTarget section */
		C2434F252108FE5B005DF62C /* Spending */ = {
			isa = PBXNativeTarget;
			buildConfigurationList = C2434F502108FEC3005DF62C /* Build configuration list for PBXNativeTarget "Spending" */;
			buildPhases = (
				DEDE6690AE21356254CDCA9E /* [CP] Check Pods Manifest.lock */,
				C2434F222108FE5B005DF62C /* Sources */,
				C2434F232108FE5B005DF62C /* Frameworks */,
				C2434F242108FE5B005DF62C /* Resources */,
				C535B3570940F3F283558B9D /* [CP] Embed Pods Frameworks */,
			);
			buildRules = (
			);
			dependencies = (
			);
			name = Spending;
			productName = Spending;
			productReference = C2434F262108FE5B005DF62C /* Spending.app */;
			productType = "com.apple.product-type.application";
		};
		C2434F3B2108FEC2005DF62C /* SpendingTests */ = {
			isa = PBXNativeTarget;
			buildConfigurationList = C2434F532108FEC3005DF62C /* Build configuration list for PBXNativeTarget "SpendingTests" */;
			buildPhases = (
				510DE9DF72ED747230D899DD /* [CP] Check Pods Manifest.lock */,
				C2434F382108FEC2005DF62C /* Sources */,
				C2434F392108FEC2005DF62C /* Frameworks */,
				C2434F3A2108FEC2005DF62C /* Resources */,
			);
			buildRules = (
			);
			dependencies = (
				C2434F3E2108FEC2005DF62C /* PBXTargetDependency */,
			);
			name = SpendingTests;
			productName = SpendingTests;
			productReference = C2434F3C2108FEC2005DF62C /* SpendingTests.xctest */;
			productType = "com.apple.product-type.bundle.unit-test";
		};
		C2434F462108FEC3005DF62C /* SpendingUITests */ = {
			isa = PBXNativeTarget;
			buildConfigurationList = C2434F562108FEC3005DF62C /* Build configuration list for PBXNativeTarget "SpendingUITests" */;
			buildPhases = (
				2C762CA37AA45806F0EF4C05 /* [CP] Check Pods Manifest.lock */,
				C2434F432108FEC3005DF62C /* Sources */,
				C2434F442108FEC3005DF62C /* Frameworks */,
				C2434F452108FEC3005DF62C /* Resources */,
			);
			buildRules = (
			);
			dependencies = (
				C2434F492108FEC3005DF62C /* PBXTargetDependency */,
			);
			name = SpendingUITests;
			productName = SpendingUITests;
			productReference = C2434F472108FEC3005DF62C /* SpendingUITests.xctest */;
			productType = "com.apple.product-type.bundle.ui-testing";
		};
/* End PBXNativeTarget section */

/* Begin PBXProject section */
		C2434F1E2108FE5B005DF62C /* Project object */ = {
			isa = PBXProject;
			attributes = {
				LastSwiftUpdateCheck = 1000;
				LastUpgradeCheck = 1000;
				ORGANIZATIONNAME = "Chi Yu";
				TargetAttributes = {
					C2434F252108FE5B005DF62C = {
						CreatedOnToolsVersion = 10.0;
					};
					C2434F3B2108FEC2005DF62C = {
						CreatedOnToolsVersion = 10.0;
						TestTargetID = C2434F252108FE5B005DF62C;
					};
					C2434F462108FEC3005DF62C = {
						CreatedOnToolsVersion = 10.0;
						TestTargetID = C2434F252108FE5B005DF62C;
					};
				};
			};
			buildConfigurationList = C2434F212108FE5B005DF62C /* Build configuration list for PBXProject "Spending" */;
			compatibilityVersion = "Xcode 9.3";
			developmentRegion = en;
			hasScannedForEncodings = 0;
			knownRegions = (
				en,
				Base,
			);
			mainGroup = C2434F1D2108FE5B005DF62C;
			productRefGroup = C2434F272108FE5B005DF62C /* Products */;
			projectDirPath = "";
			projectRoot = "";
			targets = (
				C2434F252108FE5B005DF62C /* Spending */,
				C2434F3B2108FEC2005DF62C /* SpendingTests */,
				C2434F462108FEC3005DF62C /* SpendingUITests */,
			);
		};
/* End PBXProject section */

/* Begin PBXResourcesBuildPhase section */
		C2434F242108FE5B005DF62C /* Resources */ = {
			isa = PBXResourcesBuildPhase;
			buildActionMask = 2147483647;
			files = (
				C2434F362108FEC0005DF62C /* LaunchScreen.storyboard in Resources */,
				C2434F332108FEC0005DF62C /* Assets.xcassets in Resources */,
				C2434F312108FE5C005DF62C /* Main.storyboard in Resources */,
			);
			runOnlyForDeploymentPostprocessing = 0;
		};
		C2434F3A2108FEC2005DF62C /* Resources */ = {
			isa = PBXResourcesBuildPhase;
			buildActionMask = 2147483647;
			files = (
			);
			runOnlyForDeploymentPostprocessing = 0;
		};
		C2434F452108FEC3005DF62C /* Resources */ = {
			isa = PBXResourcesBuildPhase;
			buildActionMask = 2147483647;
			files = (
			);
			runOnlyForDeploymentPostprocessing = 0;
		};
/* End PBXResourcesBuildPhase section */

/* Begin PBXShellScriptBuildPhase section */
		2C762CA37AA45806F0EF4C05 /* [CP] Check Pods Manifest.lock */ = {
			isa = PBXShellScriptBuildPhase;
			buildActionMask = 2147483647;
			files = (
			);
			inputPaths = (
				"${PODS_PODFILE_DIR_PATH}/Podfile.lock",
				"${PODS_ROOT}/Manifest.lock",
			);
			name = "[CP] Check Pods Manifest.lock";
			outputPaths = (
				"$(DERIVED_FILE_DIR)/Pods-SpendingUITests-checkManifestLockResult.txt",
			);
			runOnlyForDeploymentPostprocessing = 0;
			shellPath = /bin/sh;
			shellScript = "diff \"${PODS_PODFILE_DIR_PATH}/Podfile.lock\" \"${PODS_ROOT}/Manifest.lock\" > /dev/null\nif [ $? != 0 ] ; then\n    # print error to STDERR\n    echo \"error: The sandbox is not in sync with the Podfile.lock. Run 'pod install' or update your CocoaPods installation.\" >&2\n    exit 1\nfi\n# This output is used by Xcode 'outputs' to avoid re-running this script phase.\necho \"SUCCESS\" > \"${SCRIPT_OUTPUT_FILE_0}\"\n";
			showEnvVarsInLog = 0;
		};
		510DE9DF72ED747230D899DD /* [CP] Check Pods Manifest.lock */ = {
			isa = PBXShellScriptBuildPhase;
			buildActionMask = 2147483647;
			files = (
			);
			inputPaths = (
				"${PODS_PODFILE_DIR_PATH}/Podfile.lock",
				"${PODS_ROOT}/Manifest.lock",
			);
			name = "[CP] Check Pods Manifest.lock";
			outputPaths = (
				"$(DERIVED_FILE_DIR)/Pods-SpendingTests-checkManifestLockResult.txt",
			);
			runOnlyForDeploymentPostprocessing = 0;
			shellPath = /bin/sh;
			shellScript = "diff \"${PODS_PODFILE_DIR_PATH}/Podfile.lock\" \"${PODS_ROOT}/Manifest.lock\" > /dev/null\nif [ $? != 0 ] ; then\n    # print error to STDERR\n    echo \"error: The sandbox is not in sync with the Podfile.lock. Run 'pod install' or update your CocoaPods installation.\" >&2\n    exit 1\nfi\n# This output is used by Xcode 'outputs' to avoid re-running this script phase.\necho \"SUCCESS\" > \"${SCRIPT_OUTPUT_FILE_0}\"\n";
			showEnvVarsInLog = 0;
		};
		C535B3570940F3F283558B9D /* [CP] Embed Pods Frameworks */ = {
			isa = PBXShellScriptBuildPhase;
			buildActionMask = 2147483647;
			files = (
			);
			inputPaths = (
				"${SRCROOT}/Pods/Target Support Files/Pods-Spending/Pods-Spending-frameworks.sh",
				"${BUILT_PRODUCTS_DIR}/Charts/Charts.framework",
			);
			name = "[CP] Embed Pods Frameworks";
			outputPaths = (
				"${TARGET_BUILD_DIR}/${FRAMEWORKS_FOLDER_PATH}/Charts.framework",
			);
			runOnlyForDeploymentPostprocessing = 0;
			shellPath = /bin/sh;
			shellScript = "\"${SRCROOT}/Pods/Target Support Files/Pods-Spending/Pods-Spending-frameworks.sh\"\n";
			showEnvVarsInLog = 0;
		};
		DEDE6690AE21356254CDCA9E /* [CP] Check Pods Manifest.lock */ = {
			isa = PBXShellScriptBuildPhase;
			buildActionMask = 2147483647;
			files = (
			);
			inputPaths = (
				"${PODS_PODFILE_DIR_PATH}/Podfile.lock",
				"${PODS_ROOT}/Manifest.lock",
			);
			name = "[CP] Check Pods Manifest.lock";
			outputPaths = (
				"$(DERIVED_FILE_DIR)/Pods-Spending-checkManifestLockResult.txt",
			);
			runOnlyForDeploymentPostprocessing = 0;
			shellPath = /bin/sh;
			shellScript = "diff \"${PODS_PODFILE_DIR_PATH}/Podfile.lock\" \"${PODS_ROOT}/Manifest.lock\" > /dev/null\nif [ $? != 0 ] ; then\n    # print error to STDERR\n    echo \"error: The sandbox is not in sync with the Podfile.lock. Run 'pod install' or update your CocoaPods installation.\" >&2\n    exit 1\nfi\n# This output is used by Xcode 'outputs' to avoid re-running this script phase.\necho \"SUCCESS\" > \"${SCRIPT_OUTPUT_FILE_0}\"\n";
			showEnvVarsInLog = 0;
		};
/* End PBXShellScriptBuildPhase section */

/* Begin PBXSourcesBuildPhase section */
		C2434F222108FE5B005DF62C /* Sources */ = {
			isa = PBXSourcesBuildPhase;
			buildActionMask = 2147483647;
			files = (
				C2434F2E2108FE5C005DF62C /* StatisticsViewController.swift in Sources */,
				C2434F5A2114D44B005DF62C /* SpendingTableViewCell.swift in Sources */,
				C2434F5C2114DDF0005DF62C /* SpendingTableViewController.swift in Sources */,
				C2434F5E2114DE61005DF62C /* Spending.swift in Sources */,
				C22A4B3621177DEC0021FA7B /* SpendingViewController.swift in Sources */,
				C2434F2A2108FE5C005DF62C /* AppDelegate.swift in Sources */,
			);
			runOnlyForDeploymentPostprocessing = 0;
		};
		C2434F382108FEC2005DF62C /* Sources */ = {
			isa = PBXSourcesBuildPhase;
			buildActionMask = 2147483647;
			files = (
				C2434F412108FEC3005DF62C /* SpendingTests.swift in Sources */,
			);
			runOnlyForDeploymentPostprocessing = 0;
		};
		C2434F432108FEC3005DF62C /* Sources */ = {
			isa = PBXSourcesBuildPhase;
			buildActionMask = 2147483647;
			files = (
				C2434F4C2108FEC3005DF62C /* SpendingUITests.swift in Sources */,
			);
			runOnlyForDeploymentPostprocessing = 0;
		};
/* End PBXSourcesBuildPhase section */

/* Begin PBXTargetDependency section */
		C2434F3E2108FEC2005DF62C /* PBXTargetDependency */ = {
			isa = PBXTargetDependency;
			target = C2434F252108FE5B005DF62C /* Spending */;
			targetProxy = C2434F3D2108FEC2005DF62C /* PBXContainerItemProxy */;
		};
		C2434F492108FEC3005DF62C /* PBXTargetDependency */ = {
			isa = PBXTargetDependency;
			target = C2434F252108FE5B005DF62C /* Spending */;
			targetProxy = C2434F482108FEC3005DF62C /* PBXContainerItemProxy */;
		};
/* End PBXTargetDependency section */

/* Begin PBXVariantGroup section */
		C2434F2F2108FE5C005DF62C /* Main.storyboard */ = {
			isa = PBXVariantGroup;
			children = (
				C2434F302108FE5C005DF62C /* Base */,
			);
			name = Main.storyboard;
			sourceTree = "<group>";
		};
		C2434F342108FEC0005DF62C /* LaunchScreen.storyboard */ = {
			isa = PBXVariantGroup;
			children = (
				C2434F352108FEC0005DF62C /* Base */,
			);
			name = LaunchScreen.storyboard;
			sourceTree = "<group>";
		};
/* End PBXVariantGroup section */

/* Begin XCBuildConfiguration section */
		C2434F4E2108FEC3005DF62C /* Debug */ = {
			isa = XCBuildConfiguration;
			buildSettings = {
				ALWAYS_SEARCH_USER_PATHS = NO;
				CLANG_ANALYZER_NONNULL = YES;
				CLANG_ANALYZER_NUMBER_OBJECT_CONVERSION = YES_AGGRESSIVE;
				CLANG_CXX_LANGUAGE_STANDARD = "gnu++14";
				CLANG_CXX_LIBRARY = "libc++";
				CLANG_ENABLE_MODULES = YES;
				CLANG_ENABLE_OBJC_ARC = YES;
				CLANG_ENABLE_OBJC_WEAK = YES;
				CLANG_WARN_BLOCK_CAPTURE_AUTORELEASING = YES;
				CLANG_WARN_BOOL_CONVERSION = YES;
				CLANG_WARN_COMMA = YES;
				CLANG_WARN_CONSTANT_CONVERSION = YES;
				CLANG_WARN_DEPRECATED_OBJC_IMPLEMENTATIONS = YES;
				CLANG_WARN_DIRECT_OBJC_ISA_USAGE = YES_ERROR;
				CLANG_WARN_DOCUMENTATION_COMMENTS = YES;
				CLANG_WARN_EMPTY_BODY = YES;
				CLANG_WARN_ENUM_CONVERSION = YES;
				CLANG_WARN_INFINITE_RECURSION = YES;
				CLANG_WARN_INT_CONVERSION = YES;
				CLANG_WARN_NON_LITERAL_NULL_CONVERSION = YES;
				CLANG_WARN_OBJC_IMPLICIT_RETAIN_SELF = YES;
				CLANG_WARN_OBJC_LITERAL_CONVERSION = YES;
				CLANG_WARN_OBJC_ROOT_CLASS = YES_ERROR;
				CLANG_WARN_RANGE_LOOP_ANALYSIS = YES;
				CLANG_WARN_STRICT_PROTOTYPES = YES;
				CLANG_WARN_SUSPICIOUS_MOVE = YES;
				CLANG_WARN_UNGUARDED_AVAILABILITY = YES_AGGRESSIVE;
				CLANG_WARN_UNREACHABLE_CODE = YES;
				CLANG_WARN__DUPLICATE_METHOD_MATCH = YES;
				CODE_SIGN_IDENTITY = "iPhone Developer";
				COPY_PHASE_STRIP = NO;
				DEBUG_INFORMATION_FORMAT = dwarf;
				ENABLE_STRICT_OBJC_MSGSEND = YES;
				ENABLE_TESTABILITY = YES;
				GCC_C_LANGUAGE_STANDARD = gnu11;
				GCC_DYNAMIC_NO_PIC = NO;
				GCC_NO_COMMON_BLOCKS = YES;
				GCC_OPTIMIZATION_LEVEL = 0;
				GCC_PREPROCESSOR_DEFINITIONS = (
					"DEBUG=1",
					"$(inherited)",
				);
				GCC_WARN_64_TO_32_BIT_CONVERSION = YES;
				GCC_WARN_ABOUT_RETURN_TYPE = YES_ERROR;
				GCC_WARN_UNDECLARED_SELECTOR = YES;
				GCC_WARN_UNINITIALIZED_AUTOS = YES_AGGRESSIVE;
				GCC_WARN_UNUSED_FUNCTION = YES;
				GCC_WARN_UNUSED_VARIABLE = YES;
				IPHONEOS_DEPLOYMENT_TARGET = 12.0;
				MTL_ENABLE_DEBUG_INFO = INCLUDE_SOURCE;
				MTL_FAST_MATH = YES;
				ONLY_ACTIVE_ARCH = YES;
				SDKROOT = iphoneos;
				SWIFT_ACTIVE_COMPILATION_CONDITIONS = DEBUG;
				SWIFT_OPTIMIZATION_LEVEL = "-Onone";
			};
			name = Debug;
		};
		C2434F4F2108FEC3005DF62C /* Release */ = {
			isa = XCBuildConfiguration;
			buildSettings = {
				ALWAYS_SEARCH_USER_PATHS = NO;
				CLANG_ANALYZER_NONNULL = YES;
				CLANG_ANALYZER_NUMBER_OBJECT_CONVERSION = YES_AGGRESSIVE;
				CLANG_CXX_LANGUAGE_STANDARD = "gnu++14";
				CLANG_CXX_LIBRARY = "libc++";
				CLANG_ENABLE_MODULES = YES;
				CLANG_ENABLE_OBJC_ARC = YES;
				CLANG_ENABLE_OBJC_WEAK = YES;
				CLANG_WARN_BLOCK_CAPTURE_AUTORELEASING = YES;
				CLANG_WARN_BOOL_CONVERSION = YES;
				CLANG_WARN_COMMA = YES;
				CLANG_WARN_CONSTANT_CONVERSION = YES;
				CLANG_WARN_DEPRECATED_OBJC_IMPLEMENTATIONS = YES;
				CLANG_WARN_DIRECT_OBJC_ISA_USAGE = YES_ERROR;
				CLANG_WARN_DOCUMENTATION_COMMENTS = YES;
				CLANG_WARN_EMPTY_BODY = YES;
				CLANG_WARN_ENUM_CONVERSION = YES;
				CLANG_WARN_INFINITE_RECURSION = YES;
				CLANG_WARN_INT_CONVERSION = YES;
				CLANG_WARN_NON_LITERAL_NULL_CONVERSION = YES;
				CLANG_WARN_OBJC_IMPLICIT_RETAIN_SELF = YES;
				CLANG_WARN_OBJC_LITERAL_CONVERSION = YES;
				CLANG_WARN_OBJC_ROOT_CLASS = YES_ERROR;
				CLANG_WARN_RANGE_LOOP_ANALYSIS = YES;
				CLANG_WARN_STRICT_PROTOTYPES = YES;
				CLANG_WARN_SUSPICIOUS_MOVE = YES;
				CLANG_WARN_UNGUARDED_AVAILABILITY = YES_AGGRESSIVE;
				CLANG_WARN_UNREACHABLE_CODE = YES;
				CLANG_WARN__DUPLICATE_METHOD_MATCH = YES;
				CODE_SIGN_IDENTITY = "iPhone Developer";
				COPY_PHASE_STRIP = NO;
				DEBUG_INFORMATION_FORMAT = "dwarf-with-dsym";
				ENABLE_NS_ASSERTIONS = NO;
				ENABLE_STRICT_OBJC_MSGSEND = YES;
				GCC_C_LANGUAGE_STANDARD = gnu11;
				GCC_NO_COMMON_BLOCKS = YES;
				GCC_WARN_64_TO_32_BIT_CONVERSION = YES;
				GCC_WARN_ABOUT_RETURN_TYPE = YES_ERROR;
				GCC_WARN_UNDECLARED_SELECTOR = YES;
				GCC_WARN_UNINITIALIZED_AUTOS = YES_AGGRESSIVE;
				GCC_WARN_UNUSED_FUNCTION = YES;
				GCC_WARN_UNUSED_VARIABLE = YES;
				IPHONEOS_DEPLOYMENT_TARGET = 12.0;
				MTL_ENABLE_DEBUG_INFO = NO;
				MTL_FAST_MATH = YES;
				SDKROOT = iphoneos;
				SWIFT_COMPILATION_MODE = wholemodule;
				SWIFT_OPTIMIZATION_LEVEL = "-O";
				VALIDATE_PRODUCT = YES;
			};
			name = Release;
		};
		C2434F512108FEC3005DF62C /* Debug */ = {
			isa = XCBuildConfiguration;
			baseConfigurationReference = E4BA163FC8ED26DAF94F4407 /* Pods-Spending.debug.xcconfig */;
			buildSettings = {
				ASSETCATALOG_COMPILER_APPICON_NAME = AppIcon;
				CODE_SIGN_STYLE = Automatic;
				DEVELOPMENT_TEAM = 763SP48ZV2;
				INFOPLIST_FILE = Spending/Info.plist;
				IPHONEOS_DEPLOYMENT_TARGET = 10.0;
				LD_RUNPATH_SEARCH_PATHS = (
					"$(inherited)",
					"@executable_path/Frameworks",
				);
				PRODUCT_BUNDLE_IDENTIFIER = com.chiyu.Spending;
				PRODUCT_NAME = "$(TARGET_NAME)";
				SWIFT_VERSION = 4.2;
				TARGETED_DEVICE_FAMILY = "1,2";
			};
			name = Debug;
		};
		C2434F522108FEC3005DF62C /* Release */ = {
			isa = XCBuildConfiguration;
			baseConfigurationReference = 1C5B1F99C5E175EA34644106 /* Pods-Spending.release.xcconfig */;
			buildSettings = {
				ASSETCATALOG_COMPILER_APPICON_NAME = AppIcon;
				CODE_SIGN_STYLE = Automatic;
				DEVELOPMENT_TEAM = 763SP48ZV2;
				INFOPLIST_FILE = Spending/Info.plist;
				IPHONEOS_DEPLOYMENT_TARGET = 10.0;
				LD_RUNPATH_SEARCH_PATHS = (
					"$(inherited)",
					"@executable_path/Frameworks",
				);
				PRODUCT_BUNDLE_IDENTIFIER = com.chiyu.Spending;
				PRODUCT_NAME = "$(TARGET_NAME)";
				SWIFT_VERSION = 4.2;
				TARGETED_DEVICE_FAMILY = "1,2";
			};
			name = Release;
		};
		C2434F542108FEC3005DF62C /* Debug */ = {
			isa = XCBuildConfiguration;
			baseConfigurationReference = 9619E12EBC7F4BD0F9D8A8EE /* Pods-SpendingTests.debug.xcconfig */;
			buildSettings = {
				ALWAYS_EMBED_SWIFT_STANDARD_LIBRARIES = YES;
				BUNDLE_LOADER = "$(TEST_HOST)";
				CODE_SIGN_STYLE = Automatic;
				DEVELOPMENT_TEAM = 763SP48ZV2;
				INFOPLIST_FILE = SpendingTests/Info.plist;
				LD_RUNPATH_SEARCH_PATHS = (
					"$(inherited)",
					"@executable_path/Frameworks",
					"@loader_path/Frameworks",
				);
				PRODUCT_BUNDLE_IDENTIFIER = com.chiyu.SpendingTests;
				PRODUCT_NAME = "$(TARGET_NAME)";
				SWIFT_VERSION = 4.2;
				TARGETED_DEVICE_FAMILY = "1,2";
				TEST_HOST = "$(BUILT_PRODUCTS_DIR)/Spending.app/Spending";
			};
			name = Debug;
		};
		C2434F552108FEC3005DF62C /* Release */ = {
			isa = XCBuildConfiguration;
			baseConfigurationReference = 52038B1BF228A07EBF94C35D /* Pods-SpendingTests.release.xcconfig */;
			buildSettings = {
				ALWAYS_EMBED_SWIFT_STANDARD_LIBRARIES = YES;
				BUNDLE_LOADER = "$(TEST_HOST)";
				CODE_SIGN_STYLE = Automatic;
				DEVELOPMENT_TEAM = 763SP48ZV2;
				INFOPLIST_FILE = SpendingTests/Info.plist;
				LD_RUNPATH_SEARCH_PATHS = (
					"$(inherited)",
					"@executable_path/Frameworks",
					"@loader_path/Frameworks",
				);
				PRODUCT_BUNDLE_IDENTIFIER = com.chiyu.SpendingTests;
				PRODUCT_NAME = "$(TARGET_NAME)";
				SWIFT_VERSION = 4.2;
				TARGETED_DEVICE_FAMILY = "1,2";
				TEST_HOST = "$(BUILT_PRODUCTS_DIR)/Spending.app/Spending";
			};
			name = Release;
		};
		C2434F572108FEC3005DF62C /* Debug */ = {
			isa = XCBuildConfiguration;
			baseConfigurationReference = 74281C7799E35868759755E1 /* Pods-SpendingUITests.debug.xcconfig */;
			buildSettings = {
				ALWAYS_EMBED_SWIFT_STANDARD_LIBRARIES = YES;
				CODE_SIGN_STYLE = Automatic;
				DEVELOPMENT_TEAM = 763SP48ZV2;
				INFOPLIST_FILE = SpendingUITests/Info.plist;
				LD_RUNPATH_SEARCH_PATHS = (
					"$(inherited)",
					"@executable_path/Frameworks",
					"@loader_path/Frameworks",
				);
				PRODUCT_BUNDLE_IDENTIFIER = com.chiyu.SpendingUITests;
				PRODUCT_NAME = "$(TARGET_NAME)";
				SWIFT_VERSION = 4.2;
				TARGETED_DEVICE_FAMILY = "1,2";
				TEST_TARGET_NAME = Spending;
			};
			name = Debug;
		};
		C2434F582108FEC3005DF62C /* Release */ = {
			isa = XCBuildConfiguration;
			baseConfigurationReference = B603D4136A4A19F397AF8F1A /* Pods-SpendingUITests.release.xcconfig */;
			buildSettings = {
				ALWAYS_EMBED_SWIFT_STANDARD_LIBRARIES = YES;
				CODE_SIGN_STYLE = Automatic;
				DEVELOPMENT_TEAM = 763SP48ZV2;
				INFOPLIST_FILE = SpendingUITests/Info.plist;
				LD_RUNPATH_SEARCH_PATHS = (
					"$(inherited)",
					"@executable_path/Frameworks",
					"@loader_path/Frameworks",
				);
				PRODUCT_BUNDLE_IDENTIFIER = com.chiyu.SpendingUITests;
				PRODUCT_NAME = "$(TARGET_NAME)";
				SWIFT_VERSION = 4.2;
				TARGETED_DEVICE_FAMILY = "1,2";
				TEST_TARGET_NAME = Spending;
			};
			name = Release;
		};
/* End XCBuildConfiguration section */

/* Begin XCConfigurationList section */
		C2434F212108FE5B005DF62C /* Build configuration list for PBXProject "Spending" */ = {
			isa = XCConfigurationList;
			buildConfigurations = (
				C2434F4E2108FEC3005DF62C /* Debug */,
				C2434F4F2108FEC3005DF62C /* Release */,
			);
			defaultConfigurationIsVisible = 0;
			defaultConfigurationName = Release;
		};
		C2434F502108FEC3005DF62C /* Build configuration list for PBXNativeTarget "Spending" */ = {
			isa = XCConfigurationList;
			buildConfigurations = (
				C2434F512108FEC3005DF62C /* Debug */,
				C2434F522108FEC3005DF62C /* Release */,
			);
			defaultConfigurationIsVisible = 0;
			defaultConfigurationName = Release;
		};
		C2434F532108FEC3005DF62C /* Build configuration list for PBXNativeTarget "SpendingTests" */ = {
			isa = XCConfigurationList;
			buildConfigurations = (
				C2434F542108FEC3005DF62C /* Debug */,
				C2434F552108FEC3005DF62C /* Release */,
			);
			defaultConfigurationIsVisible = 0;
			defaultConfigurationName = Release;
		};
		C2434F562108FEC3005DF62C /* Build configuration list for PBXNativeTarget "SpendingUITests" */ = {
			isa = XCConfigurationList;
			buildConfigurations = (
				C2434F572108FEC3005DF62C /* Debug */,
				C2434F582108FEC3005DF62C /* Release */,
			);
			defaultConfigurationIsVisible = 0;
			defaultConfigurationName = Release;
		};
/* End XCConfigurationList section */
	};
	rootObject = C2434F1E2108FE5B005DF62C /* Project object */;
}
